
Microsoft Visual Studio Solution File, Format Version 12.00
# Visual Studio Version 16
VisualStudioVersion = 16.0.30413.136
MinimumVisualStudioVersion = 10.0.40219.1
Project("{8BC9CEB8-8B4A-11D0-8D11-00A0C91BC942}") = "Stresser", "Stresser\Stresser.vcxproj", "{327B41FA-9078-4851-8F64-2D1AF5FF4592}"
EndProject
Project("{8BC9CEB8-8B4A-11D0-8D11-00A0C91BC942}") = "StresserEngine", "StresserEngine\StresserEngine.vcxproj", "{92E95C51-6BD3-44AA-BADF-531C6F488C16}"
EndProject
Project("{8BC9CEB8-8B4A-11D0-8D11-00A0C91BC942}") = "ArtifactManager", "ArtifactManager\ArtifactManager.vcxproj", "{58FF2831-2CEF-4D05-9D17-6F69AD56E0BE}"
EndProject
Project("{8BC9CEB8-8B4A-11D0-8D11-00A0C91BC942}") = "Tests", "Tests\Tests.vcxproj", "{407A0584-298E-4C5E-8CE9-D7372CA70C2C}"
EndProject
Project("{8BC9CEB8-8B4A-11D0-8D11-00A0C91BC942}") = "CommunicationManager", "CommunicationManager\CommunicationManager.vcxproj", "{BC0D5538-45C8-456E-B9B5-238EF7427B8A}"
EndProject
Project("{8BC9CEB8-8B4A-11D0-8D11-00A0C91BC942}") = "SimpleMainTester", "SimpleMainTester\SimpleMainTester.vcxproj", "{2DED3AEA-ACA3-4123-8704-6D17D375D1E3}"
EndProject
Project("{8BC9CEB8-8B4A-11D0-8D11-00A0C91BC942}") = "Utils", "Utils\Utils.vcxproj", "{BB0147EB-6672-4D50-B5BB-9EBEFF8D5ED7}"
EndProject
Global
	GlobalSection(SolutionConfigurationPlatforms) = preSolution
		Debug|ARM = Debug|ARM
		Debug|ARM64 = Debug|ARM64
		Debug|x64 = Debug|x64
		Debug|x86 = Debug|x86
		Release|ARM = Release|ARM
		Release|ARM64 = Release|ARM64
		Release|x64 = Release|x64
		Release|x86 = Release|x86
	EndGlobalSection
	GlobalSection(ProjectConfigurationPlatforms) = postSolution
		{327B41FA-9078-4851-8F64-2D1AF5FF4592}.Debug|ARM.ActiveCfg = Debug|Win32
		{327B41FA-9078-4851-8F64-2D1AF5FF4592}.Debug|ARM64.ActiveCfg = Debug|Win32
		{327B41FA-9078-4851-8F64-2D1AF5FF4592}.Debug|x64.ActiveCfg = Debug|x64
		{327B41FA-9078-4851-8F64-2D1AF5FF4592}.Debug|x64.Build.0 = Debug|x64
		{327B41FA-9078-4851-8F64-2D1AF5FF4592}.Debug|x86.ActiveCfg = Debug|Win32
		{327B41FA-9078-4851-8F64-2D1AF5FF4592}.Debug|x86.Build.0 = Debug|Win32
		{327B41FA-9078-4851-8F64-2D1AF5FF4592}.Release|ARM.ActiveCfg = Release|Win32
		{327B41FA-9078-4851-8F64-2D1AF5FF4592}.Release|ARM64.ActiveCfg = Release|Win32
		{327B41FA-9078-4851-8F64-2D1AF5FF4592}.Release|x64.ActiveCfg = Release|x64
		{327B41FA-9078-4851-8F64-2D1AF5FF4592}.Release|x64.Build.0 = Release|x64
		{327B41FA-9078-4851-8F64-2D1AF5FF4592}.Release|x86.ActiveCfg = Release|Win32
		{327B41FA-9078-4851-8F64-2D1AF5FF4592}.Release|x86.Build.0 = Release|Win32
		{92E95C51-6BD3-44AA-BADF-531C6F488C16}.Debug|ARM.ActiveCfg = Debug|ARM
		{92E95C51-6BD3-44AA-BADF-531C6F488C16}.Debug|ARM.Build.0 = Debug|ARM
		{92E95C51-6BD3-44AA-BADF-531C6F488C16}.Debug|ARM.Deploy.0 = Debug|ARM
		{92E95C51-6BD3-44AA-BADF-531C6F488C16}.Debug|ARM64.ActiveCfg = Debug|ARM64
		{92E95C51-6BD3-44AA-BADF-531C6F488C16}.Debug|ARM64.Build.0 = Debug|ARM64
		{92E95C51-6BD3-44AA-BADF-531C6F488C16}.Debug|ARM64.Deploy.0 = Debug|ARM64
		{92E95C51-6BD3-44AA-BADF-531C6F488C16}.Debug|x64.ActiveCfg = Debug|x64
		{92E95C51-6BD3-44AA-BADF-531C6F488C16}.Debug|x64.Build.0 = Debug|x64
		{92E95C51-6BD3-44AA-BADF-531C6F488C16}.Debug|x64.Deploy.0 = Debug|x64
		{92E95C51-6BD3-44AA-BADF-531C6F488C16}.Debug|x86.ActiveCfg = Debug|Win32
		{92E95C51-6BD3-44AA-BADF-531C6F488C16}.Debug|x86.Build.0 = Debug|Win32
		{92E95C51-6BD3-44AA-BADF-531C6F488C16}.Debug|x86.Deploy.0 = Debug|Win32
		{92E95C51-6BD3-44AA-BADF-531C6F488C16}.Release|ARM.ActiveCfg = Release|ARM
		{92E95C51-6BD3-44AA-BADF-531C6F488C16}.Release|ARM.Build.0 = Release|ARM
		{92E95C51-6BD3-44AA-BADF-531C6F488C16}.Release|ARM.Deploy.0 = Release|ARM
		{92E95C51-6BD3-44AA-BADF-531C6F488C16}.Release|ARM64.ActiveCfg = Release|ARM64
		{92E95C51-6BD3-44AA-BADF-531C6F488C16}.Release|ARM64.Build.0 = Release|ARM64
		{92E95C51-6BD3-44AA-BADF-531C6F488C16}.Release|ARM64.Deploy.0 = Release|ARM64
		{92E95C51-6BD3-44AA-BADF-531C6F488C16}.Release|x64.ActiveCfg = Release|x64
		{92E95C51-6BD3-44AA-BADF-531C6F488C16}.Release|x64.Build.0 = Release|x64
		{92E95C51-6BD3-44AA-BADF-531C6F488C16}.Release|x64.Deploy.0 = Release|x64
		{92E95C51-6BD3-44AA-BADF-531C6F488C16}.Release|x86.ActiveCfg = Release|Win32
		{92E95C51-6BD3-44AA-BADF-531C6F488C16}.Release|x86.Build.0 = Release|Win32
		{92E95C51-6BD3-44AA-BADF-531C6F488C16}.Release|x86.Deploy.0 = Release|Win32
		{58FF2831-2CEF-4D05-9D17-6F69AD56E0BE}.Debug|ARM.ActiveCfg = Debug|Win32
		{58FF2831-2CEF-4D05-9D17-6F69AD56E0BE}.Debug|ARM64.ActiveCfg = Debug|Win32
		{58FF2831-2CEF-4D05-9D17-6F69AD56E0BE}.Debug|x64.ActiveCfg = Debug|x64
		{58FF2831-2CEF-4D05-9D17-6F69AD56E0BE}.Debug|x64.Build.0 = Debug|x64
		{58FF2831-2CEF-4D05-9D17-6F69AD56E0BE}.Debug|x86.ActiveCfg = Debug|Win32
		{58FF2831-2CEF-4D05-9D17-6F69AD56E0BE}.Debug|x86.Build.0 = Debug|Win32
		{58FF2831-2CEF-4D05-9D17-6F69AD56E0BE}.Release|ARM.ActiveCfg = Release|Win32
		{58FF2831-2CEF-4D05-9D17-6F69AD56E0BE}.Release|ARM64.ActiveCfg = Release|Win32
		{58FF2831-2CEF-4D05-9D17-6F69AD56E0BE}.Release|x64.ActiveCfg = Release|x64
		{58FF2831-2CEF-4D05-9D17-6F69AD56E0BE}.Release|x64.Build.0 = Release|x64
		{58FF2831-2CEF-4D05-9D17-6F69AD56E0BE}.Release|x86.ActiveCfg = Release|Win32
		{58FF2831-2CEF-4D05-9D17-6F69AD56E0BE}.Release|x86.Build.0 = Release|Win32
		{407A0584-298E-4C5E-8CE9-D7372CA70C2C}.Debug|ARM.ActiveCfg = Debug|Win32
		{407A0584-298E-4C5E-8CE9-D7372CA70C2C}.Debug|ARM64.ActiveCfg = Debug|Win32
		{407A0584-298E-4C5E-8CE9-D7372CA70C2C}.Debug|x64.ActiveCfg = Debug|x64
		{407A0584-298E-4C5E-8CE9-D7372CA70C2C}.Debug|x64.Build.0 = Debug|x64
		{407A0584-298E-4C5E-8CE9-D7372CA70C2C}.Debug|x86.ActiveCfg = Debug|Win32
		{407A0584-298E-4C5E-8CE9-D7372CA70C2C}.Debug|x86.Build.0 = Debug|Win32
		{407A0584-298E-4C5E-8CE9-D7372CA70C2C}.Release|ARM.ActiveCfg = Release|Win32
		{407A0584-298E-4C5E-8CE9-D7372CA70C2C}.Release|ARM64.ActiveCfg = Release|Win32
		{407A0584-298E-4C5E-8CE9-D7372CA70C2C}.Release|x64.ActiveCfg = Release|x64
		{407A0584-298E-4C5E-8CE9-D7372CA70C2C}.Release|x64.Build.0 = Release|x64
		{407A0584-298E-4C5E-8CE9-D7372CA70C2C}.Release|x86.ActiveCfg = Release|Win32
		{407A0584-298E-4C5E-8CE9-D7372CA70C2C}.Release|x86.Build.0 = Release|Win32
		{BC0D5538-45C8-456E-B9B5-238EF7427B8A}.Debug|ARM.ActiveCfg = Debug|Win32
		{BC0D5538-45C8-456E-B9B5-238EF7427B8A}.Debug|ARM64.ActiveCfg = Debug|Win32
		{BC0D5538-45C8-456E-B9B5-238EF7427B8A}.Debug|x64.ActiveCfg = Debug|x64
		{BC0D5538-45C8-456E-B9B5-238EF7427B8A}.Debug|x64.Build.0 = Debug|x64
		{BC0D5538-45C8-456E-B9B5-238EF7427B8A}.Debug|x86.ActiveCfg = Debug|Win32
		{BC0D5538-45C8-456E-B9B5-238EF7427B8A}.Debug|x86.Build.0 = Debug|Win32
		{BC0D5538-45C8-456E-B9B5-238EF7427B8A}.Release|ARM.ActiveCfg = Release|Win32
		{BC0D5538-45C8-456E-B9B5-238EF7427B8A}.Release|ARM64.ActiveCfg = Release|Win32
		{BC0D5538-45C8-456E-B9B5-238EF7427B8A}.Release|x64.ActiveCfg = Release|x64
		{BC0D5538-45C8-456E-B9B5-238EF7427B8A}.Release|x64.Build.0 = Release|x64
		{BC0D5538-45C8-456E-B9B5-238EF7427B8A}.Release|x86.ActiveCfg = Release|Win32
		{BC0D5538-45C8-456E-B9B5-238EF7427B8A}.Release|x86.Build.0 = Release|Win32
		{2DED3AEA-ACA3-4123-8704-6D17D375D1E3}.Debug|ARM.ActiveCfg = Debug|Win32
		{2DED3AEA-ACA3-4123-8704-6D17D375D1E3}.Debug|ARM64.ActiveCfg = Debug|Win32
		{2DED3AEA-ACA3-4123-8704-6D17D375D1E3}.Debug|x64.ActiveCfg = Debug|x64
		{2DED3AEA-ACA3-4123-8704-6D17D375D1E3}.Debug|x64.Build.0 = Debug|x64
		{2DED3AEA-ACA3-4123-8704-6D17D375D1E3}.Debug|x86.ActiveCfg = Debug|Win32
		{2DED3AEA-ACA3-4123-8704-6D17D375D1E3}.Debug|x86.Build.0 = Debug|Win32
		{2DED3AEA-ACA3-4123-8704-6D17D375D1E3}.Release|ARM.ActiveCfg = Release|Win32
		{2DED3AEA-ACA3-4123-8704-6D17D375D1E3}.Release|ARM64.ActiveCfg = Release|Win32
		{2DED3AEA-ACA3-4123-8704-6D17D375D1E3}.Release|x64.ActiveCfg = Release|x64
		{2DED3AEA-ACA3-4123-8704-6D17D375D1E3}.Release|x64.Build.0 = Release|x64
		{2DED3AEA-ACA3-4123-8704-6D17D375D1E3}.Release|x86.ActiveCfg = Release|Win32
		{2DED3AEA-ACA3-4123-8704-6D17D375D1E3}.Release|x86.Build.0 = Release|Win32
		{BB0147EB-6672-4D50-B5BB-9EBEFF8D5ED7}.Debug|ARM.ActiveCfg = Debug|Win32
		{BB0147EB-6672-4D50-B5BB-9EBEFF8D5ED7}.Debug|ARM64.ActiveCfg = Debug|Win32
		{BB0147EB-6672-4D50-B5BB-9EBEFF8D5ED7}.Debug|x64.ActiveCfg = Debug|x64
		{BB0147EB-6672-4D50-B5BB-9EBEFF8D5ED7}.Debug|x64.Build.0 = Debug|x64
		{BB0147EB-6672-4D50-B5BB-9EBEFF8D5ED7}.Debug|x86.ActiveCfg = Debug|Win32
		{BB0147EB-6672-4D50-B5BB-9EBEFF8D5ED7}.Debug|x86.Build.0 = Debug|Win32
		{BB0147EB-6672-4D50-B5BB-9EBEFF8D5ED7}.Release|ARM.ActiveCfg = Release|Win32
		{BB0147EB-6672-4D50-B5BB-9EBEFF8D5ED7}.Release|ARM64.ActiveCfg = Release|Win32
		{BB0147EB-6672-4D50-B5BB-9EBEFF8D5ED7}.Release|x64.ActiveCfg = Release|x64
		{BB0147EB-6672-4D50-B5BB-9EBEFF8D5ED7}.Release|x64.Build.0 = Release|x64
		{BB0147EB-6672-4D50-B5BB-9EBEFF8D5ED7}.Release|x86.ActiveCfg = Release|Win32
		{BB0147EB-6672-4D50-B5BB-9EBEFF8D5ED7}.Release|x86.Build.0 = Release|Win32
	EndGlobalSection
	GlobalSection(SolutionProperties) = preSolution
		HideSolutionNode = FALSE
	EndGlobalSection
	GlobalSection(ExtensibilityGlobals) = postSolution
		SolutionGuid = {41473161-BF27-4B41-90E6-B794DC38D5D4}
	EndGlobalSection
EndGlobal
