<?xml version="1.0" encoding="utf-8"?>
<Project ToolsVersion="4.0" xmlns="http://schemas.microsoft.com/developer/msbuild/2003">
  <ItemGroup>
    <ClCompile Include="Main.cpp" />
    <ClCompile Include="AuthorizedHttpRequest.cpp">
      <Filter>Communication\Source Files</Filter>
    </ClCompile>
    <ClCompile Include="HttpRequest.cpp">
      <Filter>Communication\Source Files</Filter>
    </ClCompile>
    <ClCompile Include="EndpointController.cpp">
      <Filter>Controllers\Source Files</Filter>
    </ClCompile>
    <ClCompile Include="EndpointEntity.cpp">
      <Filter>Entities\Source Files</Filter>
    </ClCompile>
    <ClCompile Include="EventEntity.cpp">
      <Filter>Entities\Source Files</Filter>
    </ClCompile>
    <ClCompile Include="PolicyEntity.cpp">
      <Filter>Entities\Source Files</Filter>
    </ClCompile>
    <ClCompile Include="RuleEntity.cpp">
      <Filter>Entities\Source Files</Filter>
    </ClCompile>
    <ClCompile Include="ServerDetails.cpp">
      <Filter>Configurations\Source Files</Filter>
    </ClCompile>
    <ClCompile Include="PolicyController.cpp">
      <Filter>Controllers\Source Files</Filter>
    </ClCompile>
    <ClCompile Include="RuleController.cpp">
      <Filter>Controllers\Source Files</Filter>
    </ClCompile>
    <ClCompile Include="AutoEtwTraceSession.cpp">
      <Filter>ETW\Source Files</Filter>
    </ClCompile>
    <ClCompile Include="EventParser.cpp">
      <Filter>ETW\Source Files</Filter>
    </ClCompile>
    <ClCompile Include="IEtwEventHandler.h">
      <Filter>ETW\Header Files</Filter>
    </ClCompile>
    <ClCompile Include="EtwManager.cpp">
      <Filter>ETW\Source Files</Filter>
    </ClCompile>
    <ClCompile Include="EtwEventTypes.h">
      <Filter>ETW\Header Files</Filter>
    </ClCompile>
    <ClCompile Include="IEventCollector.h">
      <Filter>Collectors\Header Files</Filter>
    </ClCompile>
    <ClCompile Include="CollectorManager.cpp">
      <Filter>Collectors\Source Files</Filter>
    </ClCompile>
    <ClCompile Include="EtwUtils.cpp" />
    <ClCompile Include="RegistryArtifact.cpp">
      <Filter>Artifacts\Source Files</Filter>
    </ClCompile>
    <ClCompile Include="FileArtifact.cpp">
      <Filter>Artifacts\Source Files</Filter>
    </ClCompile>
    <ClCompile Include="ProcessArtifact.cpp">
      <Filter>Artifacts\Source Files</Filter>
    </ClCompile>
    <ClCompile Include="IArtifact.cpp">
      <Filter>Artifacts\Source Files</Filter>
    </ClCompile>
    <ClCompile Include="ArtifactFactory.cpp">
      <Filter>Artifacts\Source Files</Filter>
    </ClCompile>
    <ClCompile Include="ArtifactManager.cpp">
      <Filter>Artifacts\Source Files</Filter>
    </ClCompile>
    <ClCompile Include="PolicyNotifications.cpp">
      <Filter>PolicyNotifications</Filter>
    </ClCompile>
    <ClCompile Include="IEtwEventHandler.cpp">
      <Filter>ETW\Source Files</Filter>
    </ClCompile>
  </ItemGroup>
  <ItemGroup>
    <ClInclude Include="AuthorizedHttpRequest.h">
      <Filter>Communication\Header Files</Filter>
    </ClInclude>
    <ClInclude Include="HttpRequest.h">
      <Filter>Communication\Header Files</Filter>
    </ClInclude>
    <ClInclude Include="EndpointController.h">
      <Filter>Controllers\Header Files</Filter>
    </ClInclude>
    <ClInclude Include="PolicyController.h">
      <Filter>Controllers\Header Files</Filter>
    </ClInclude>
    <ClInclude Include="EndpointEntity.h">
      <Filter>Entities\Header Files</Filter>
    </ClInclude>
    <ClInclude Include="EventEntity.h">
      <Filter>Entities\Header Files</Filter>
    </ClInclude>
    <ClInclude Include="PolicyEntity.h">
      <Filter>Entities\Header Files</Filter>
    </ClInclude>
    <ClInclude Include="RuleEntity.h">
      <Filter>Entities\Header Files</Filter>
    </ClInclude>
    <ClInclude Include="ServerDetails.h">
      <Filter>Configurations\Header Files</Filter>
    </ClInclude>
    <ClInclude Include="RuleController.h">
      <Filter>Controllers\Header Files</Filter>
    </ClInclude>
    <ClInclude Include="AutoEtwTraceSession.h">
      <Filter>ETW\Header Files</Filter>
    </ClInclude>
    <ClInclude Include="EventParser.h">
      <Filter>ETW\Header Files</Filter>
    </ClInclude>
    <ClInclude Include="EtwManager.h">
      <Filter>ETW\Header Files</Filter>
    </ClInclude>
    <ClInclude Include="CollectorManager.h">
      <Filter>Collectors\Header Files</Filter>
    </ClInclude>
    <ClInclude Include="Controllers.h">
      <Filter>Controllers\Header Files</Filter>
    </ClInclude>
    <ClInclude Include="Entities.h">
      <Filter>Entities\Header Files</Filter>
    </ClInclude>
    <ClInclude Include="EtwUtils.h" />
    <ClInclude Include="RegistryArtifact.h">
      <Filter>Artifacts\Header Files</Filter>
    </ClInclude>
    <ClInclude Include="FileArtifact.h">
      <Filter>Artifacts\Header Files</Filter>
    </ClInclude>
    <ClInclude Include="ProcessArtifact.h">
      <Filter>Artifacts\Header Files</Filter>
    </ClInclude>
    <ClInclude Include="IArtifact.h">
      <Filter>Artifacts\Header Files</Filter>
    </ClInclude>
    <ClInclude Include="ArtifactFactory.h">
      <Filter>Artifacts\Header Files</Filter>
    </ClInclude>
    <ClInclude Include="resource.h" />
    <ClInclude Include="ArtifactManager.h">
      <Filter>Artifacts\Header Files</Filter>
    </ClInclude>
    <ClInclude Include="PolicyNotifications.h">
      <Filter>PolicyNotifications</Filter>
    </ClInclude>
    <ClInclude Include="IPolicySubscriber.h">
      <Filter>PolicyNotifications</Filter>
    </ClInclude>
    <ClInclude Include="RegistryEventHandler.h">
      <Filter>ETW\Header Files</Filter>
    </ClInclude>
    <ClInclude Include="EventProvidersGuid.h">
      <Filter>ETW\Header Files</Filter>
    </ClInclude>
    <ClInclude Include="EtwEventsGuid.h">
      <Filter>ETW\Header Files</Filter>
    </ClInclude>
  </ItemGroup>
  <ItemGroup>
    <Filter Include="Configurations">
      <UniqueIdentifier>{a4c0e17e-0e7a-42da-95d4-8b660b47740b}</UniqueIdentifier>
    </Filter>
    <Filter Include="Communication">
      <UniqueIdentifier>{f1015edf-0047-44d4-8461-4ae534d74a15}</UniqueIdentifier>
    </Filter>
    <Filter Include="Controllers">
      <UniqueIdentifier>{8c957416-eb8d-430c-af55-86825ca5ee2a}</UniqueIdentifier>
    </Filter>
    <Filter Include="Entities">
      <UniqueIdentifier>{ff48e64a-f6e3-4544-9d64-1e301ca08a75}</UniqueIdentifier>
    </Filter>
    <Filter Include="Communication\Header Files">
      <UniqueIdentifier>{b5a9c99b-141b-4f3e-8b49-3f9dd4a93d4d}</UniqueIdentifier>
    </Filter>
    <Filter Include="Communication\Source Files">
      <UniqueIdentifier>{992f7f89-78de-44bf-aa00-c9ed26760436}</UniqueIdentifier>
    </Filter>
    <Filter Include="Controllers\Source Files">
      <UniqueIdentifier>{25f11d42-c601-437c-8e90-964b08f660d5}</UniqueIdentifier>
    </Filter>
    <Filter Include="Controllers\Header Files">
      <UniqueIdentifier>{be1b8ba8-1c90-4b81-a509-d4ff3f16270a}</UniqueIdentifier>
    </Filter>
    <Filter Include="Entities\Source Files">
      <UniqueIdentifier>{eb1167ae-f0b9-4ece-a839-e748acdf8f59}</UniqueIdentifier>
    </Filter>
    <Filter Include="Entities\Header Files">
      <UniqueIdentifier>{62ce8439-6d25-4542-b6f6-512a804e2bf9}</UniqueIdentifier>
    </Filter>
    <Filter Include="Configurations\Source Files">
      <UniqueIdentifier>{a7e8cd9f-cdfe-4ac3-8189-93f65e667898}</UniqueIdentifier>
    </Filter>
    <Filter Include="Configurations\Header Files">
      <UniqueIdentifier>{0469e3dc-38f0-4b80-9512-0cf08195247b}</UniqueIdentifier>
    </Filter>
    <Filter Include="ETW">
      <UniqueIdentifier>{78205740-309a-451c-bd2d-a6a16bd59175}</UniqueIdentifier>
    </Filter>
    <Filter Include="ETW\Header Files">
      <UniqueIdentifier>{2b494fd6-4b1e-4df1-b4bf-7238b792880d}</UniqueIdentifier>
    </Filter>
    <Filter Include="ETW\Source Files">
      <UniqueIdentifier>{527a6985-0908-4fff-b23d-6594964620e7}</UniqueIdentifier>
    </Filter>
    <Filter Include="Collectors">
      <UniqueIdentifier>{cfd3cbe9-1b50-4e08-a182-baf99a75c2b7}</UniqueIdentifier>
    </Filter>
    <Filter Include="Collectors\Header Files">
      <UniqueIdentifier>{51c6f9e0-aa71-4e33-9555-7b61fb0be504}</UniqueIdentifier>
    </Filter>
    <Filter Include="Collectors\Source Files">
      <UniqueIdentifier>{de3cffc8-122a-4b96-b190-b20d694b7f0f}</UniqueIdentifier>
    </Filter>
    <Filter Include="Artifacts">
      <UniqueIdentifier>{9a0d5091-b879-4803-a832-e496b23016ad}</UniqueIdentifier>
    </Filter>
    <Filter Include="Artifacts\Header Files">
      <UniqueIdentifier>{cb090f2b-f0e2-44a0-8a72-82a27ae7b290}</UniqueIdentifier>
    </Filter>
    <Filter Include="Artifacts\Source Files">
      <UniqueIdentifier>{3efedbac-158a-40e2-ae6e-6504a3526100}</UniqueIdentifier>
    </Filter>
    <Filter Include="PolicyNotifications">
      <UniqueIdentifier>{c5ce2fbe-7a94-47e4-ae25-9f8864b7faab}</UniqueIdentifier>
    </Filter>
  </ItemGroup>
  <ItemGroup>
    <None Include="packages.config" />
    <None Include="..\x64\Release\FakeProcess.exe" />
  </ItemGroup>
  <ItemGroup>
    <ResourceCompile Include="Stresser.rc" />
  </ItemGroup>
</Project>